{
  "name": "rsync-backup",
  "version": "0.0.1",
  "lockfileVersion": 1,
  "requires": true,
  "dependencies": {
    "debug": {
      "version": "3.1.0",
      "resolved": "https://registry.npmjs.org/debug/-/debug-3.1.0.tgz",
      "integrity": "sha512-OX8XqP7/1a9cqkxYw2yXss15f26NKWBpDXQd0/uK/KPqdQhxbPa994hnzjcE2VqQpDslf55723cKPUOGSmMY3g==",
      "requires": {
        "ms": "2.0.0"
      }
    },
    "filesize": {
      "version": "3.6.0",
      "resolved": "https://registry.npmjs.org/filesize/-/filesize-3.6.0.tgz",
      "integrity": "sha512-g5OWtoZWcPI56js1DFhIEqyG9tnu/7sG3foHwgS9KGYFMfsYguI3E+PRVCmtmE96VajQIEMRU2OhN+ME589Gdw=="
    },
    "minimist": {
      "version": "1.2.0",
      "resolved": "https://registry.npmjs.org/minimist/-/minimist-1.2.0.tgz",
      "integrity": "sha1-o1AIsg9BOD7sH7kU9M1d95omQoQ="
    },
    "ms": {
      "version": "2.0.0",
      "resolved": "https://registry.npmjs.org/ms/-/ms-2.0.0.tgz",
      "integrity": "sha1-VgiurfwAvmwpAd9fmGF4jeDVl8g="
    },
    "rsync": {
      "version": "github:mattlyons0/node-rsync#8952b596ec9bd5ef1c1b678daae3050858c3d838"
    }
  }
}
